# This file is autogenerated, do not edit; changes may be undone by the next 'dep ensure'.


[[projects]]
  name = "github.com/fsnotify/fsnotify"
  packages = ["."]
  revision = "c2828203cd70a50dcccfb2761f8b1f8ceef9a8e9"
  version = "v1.4.7"

[[projects]]
  name = "github.com/gin-contrib/cors"
  packages = ["."]
  revision = "cf4846e6a636a76237a28d9286f163c132e841bc"
  version = "v1.2"

[[projects]]
  branch = "master"
<<<<<<< HEAD
  name = "github.com/gin-gonic/contrib"
  packages = ["ginrus"]
  revision = "dccbb4a462e965297e21372a9ad3ea05e0df3e5f"
=======
  name = "github.com/gin-contrib/sse"
  packages = ["."]
  revision = "22d885f9ecc78bf4ee5d72b937e4bbcdc58e8cae"

[[projects]]
  branch = "master"
  name = "github.com/gin-gonic/contrib"
  packages = ["ginrus"]
  revision = "9b830a15f6abcf9e160f47ee01fc00691cc1981a"
>>>>>>> develop

[[projects]]
  name = "github.com/gin-gonic/gin"
  packages = [
    ".",
    "binding",
    "render"
  ]
<<<<<<< HEAD
  revision = "e2212d40c62a98b388a5eb48ecbdcf88534688ba"
  version = "v1.1.4"
=======
  revision = "d459835d2b077e44f7c9b453505ee29881d5d12d"
  version = "v1.2"
>>>>>>> develop

[[projects]]
  name = "github.com/golang/protobuf"
  packages = ["proto"]
<<<<<<< HEAD
  revision = "2402d76f3d41f928c7902a765dfc872356dd3aad"
=======
  revision = "5a0f697c9ed9d68fef0116532c6e05cfeae00e55"
>>>>>>> develop

[[projects]]
  branch = "master"
  name = "github.com/hashicorp/hcl"
  packages = [
    ".",
    "hcl/ast",
    "hcl/parser",
<<<<<<< HEAD
=======
    "hcl/printer",
>>>>>>> develop
    "hcl/scanner",
    "hcl/strconv",
    "hcl/token",
    "json/parser",
    "json/scanner",
    "json/token"
  ]
<<<<<<< HEAD
  revision = "23c074d0eceb2b8a5bfdbb271ab780cde70f05a8"
=======
  revision = "ef8a98b0bbce4a65b5aa4c368430a80ddc533168"
>>>>>>> develop

[[projects]]
  name = "github.com/inconshreveable/mousetrap"
  packages = ["."]
  revision = "76626ae9c91c4f2a10f34cad8ce83ea42c93bb75"
  version = "v1.0"

[[projects]]
  name = "github.com/magiconair/properties"
  packages = ["."]
  revision = "c3beff4c2358b44d0493c7dda585e7db7ff28ae6"
  version = "v1.7.6"

[[projects]]
<<<<<<< HEAD
  branch = "master"
  name = "github.com/manucorporat/sse"
  packages = ["."]
  revision = "ee05b128a739a0fb76c7ebd3ae4810c1de808d6d"

[[projects]]
  name = "github.com/mattn/go-isatty"
  packages = ["."]
  revision = "0360b2af4f38e8d38c7fce2a9f4e702702d73a39"
  version = "v0.0.3"
=======
  name = "github.com/mattn/go-isatty"
  packages = ["."]
  revision = "57fdcb988a5c543893cc61bce354a6e24ab70022"
>>>>>>> develop

[[projects]]
  branch = "master"
  name = "github.com/mitchellh/mapstructure"
  packages = ["."]
  revision = "00c29f56e2386353d58c599509e8dc3801b0d716"

[[projects]]
  name = "github.com/pelletier/go-toml"
  packages = ["."]
  revision = "acdc4509485b587f5e675510c4f2c63e90ff68a8"
  version = "v1.1.0"

[[projects]]
  name = "github.com/sirupsen/logrus"
  packages = ["."]
  revision = "c155da19408a8799da419ed3eeb0cb5db0ad5dbc"
  version = "v1.0.5"

[[projects]]
  name = "github.com/spf13/afero"
  packages = [
    ".",
    "mem"
  ]
<<<<<<< HEAD
  revision = "bb8f1927f2a9d3ab41c9340aa034f6b803f4359c"
  version = "v1.0.2"
=======
  revision = "63644898a8da0bc22138abf860edaf5277b6102e"
  version = "v1.1.0"
>>>>>>> develop

[[projects]]
  name = "github.com/spf13/cast"
  packages = ["."]
  revision = "8965335b8c7107321228e3e3702cab9832751bac"
  version = "v1.2.0"

[[projects]]
  name = "github.com/spf13/cobra"
  packages = ["."]
<<<<<<< HEAD
  revision = "7b2c5ac9fc04fc5efafb60700713d4fa609b777b"
  version = "v0.0.1"
=======
  revision = "a1f051bc3eba734da4772d60e2d677f47cf93ef4"
  version = "v0.0.2"
>>>>>>> develop

[[projects]]
  branch = "master"
  name = "github.com/spf13/jwalterweatherman"
  packages = ["."]
  revision = "7c0cea34c8ece3fbeb2b27ab9b59511d360fb394"

[[projects]]
  name = "github.com/spf13/pflag"
  packages = ["."]
<<<<<<< HEAD
  revision = "e57e3eeb33f795204c1ca35f56c44f83227c6e66"
  version = "v1.0.0"
=======
  revision = "583c0c0531f06d5278b7d917446061adc344b5cd"
  version = "v1.0.1"
>>>>>>> develop

[[projects]]
  name = "github.com/spf13/viper"
  packages = ["."]
<<<<<<< HEAD
  revision = "25b30aa063fc18e48662b86996252eabdcf2f0c7"
  version = "v1.0.0"
=======
  revision = "b5e8006cbee93ec955a89ab31e0e3ce3204f3736"
  version = "v1.0.2"

[[projects]]
  name = "github.com/ugorji/go"
  packages = ["codec"]
  revision = "c88ee250d0221a57af388746f5cf03768c21d6e2"
>>>>>>> develop

[[projects]]
  branch = "master"
  name = "golang.org/x/crypto"
  packages = ["ssh/terminal"]
<<<<<<< HEAD
  revision = "21652f85b0fdddb6c2b6b77a5beca5c5a908174a"

[[projects]]
  name = "golang.org/x/net"
  packages = ["context"]
  revision = "f315505cf3349909cdf013ea56690da34e96a451"
=======
  revision = "e73bf333ef8920dbb52ad18d4bd38ad9d9bc76d7"
>>>>>>> develop

[[projects]]
  branch = "master"
  name = "golang.org/x/sys"
  packages = [
    "unix",
    "windows"
  ]
<<<<<<< HEAD
  revision = "89ac7f292d17a339edab4de8efcba5d8672ff661"
=======
  revision = "79b0c6888797020a994db17c8510466c72fe75d9"
>>>>>>> develop

[[projects]]
  name = "golang.org/x/text"
  packages = [
    "internal/gen",
    "internal/triegen",
    "internal/ucd",
    "transform",
    "unicode/cldr",
    "unicode/norm"
  ]
  revision = "f21a4dfb5e38f5895301dc265a8def02365cc3d0"
  version = "v0.3.0"

[[projects]]
  name = "gopkg.in/go-playground/validator.v8"
  packages = ["."]
<<<<<<< HEAD
  revision = "c193cecd124b5cc722d7ee5538e945bdb3348435"
  version = "v8.15.1"
=======
  revision = "5f57d2222ad794d0dffb07e664ea05e2ee07d60c"
  version = "v8.18.1"
>>>>>>> develop

[[projects]]
  branch = "v2"
  name = "gopkg.in/mgo.v2"
  packages = [
    ".",
    "bson",
    "internal/json",
    "internal/sasl",
    "internal/scram"
  ]
  revision = "3f83fa5005286a7fe593b055f0d7771a7dce4655"

[[projects]]
  name = "gopkg.in/yaml.v2"
  packages = ["."]
<<<<<<< HEAD
  revision = "7f97868eec74b32b0982dd158a51a446d1da7eb5"
  version = "v2.1.1"
=======
  revision = "a5b47d31c556af34a302ce5d659e6fea44d90de0"
>>>>>>> develop

[solve-meta]
  analyzer-name = "dep"
  analyzer-version = 1
<<<<<<< HEAD
  inputs-digest = "46956011ec9bb637226ea947f461fad50ef02287d0b1d2999989bc6082b42a42"
=======
  inputs-digest = "329a0ae517810333884f99f13c4e8232aa6253906e4a08ee9decdbb8a74a668b"
>>>>>>> develop
  solver-name = "gps-cdcl"
  solver-version = 1
